
Microsoft Visual Studio Solution File, Format Version 12.00
# Visual Studio Version 16
VisualStudioVersion = 16.0.30011.22
MinimumVisualStudioVersion = 10.0.40219.1
Project("{F184B08F-C81C-45F6-A57F-5ABD9991F28F}") = "Split Zip Class Library", "Split Zip\Split Zip Class Library.vbproj", "{8A07298B-3EF1-4363-9939-7DCAE7D0A071}"
EndProject
Project("{F184B08F-C81C-45F6-A57F-5ABD9991F28F}") = "Split Zip Console App", "Split Zip Console App\Split Zip Console App.vbproj", "{9A697D6D-CAE2-4530-AD86-4B9D0240E9AA}"
EndProject
Global
	GlobalSection(SolutionConfigurationPlatforms) = preSolution
		Debug|Any CPU = Debug|Any CPU
		Release|Any CPU = Release|Any CPU
	EndGlobalSection
	GlobalSection(ProjectConfigurationPlatforms) = postSolution
		{8A07298B-3EF1-4363-9939-7DCAE7D0A071}.Debug|Any CPU.ActiveCfg = Debug|Any CPU
		{8A07298B-3EF1-4363-9939-7DCAE7D0A071}.Debug|Any CPU.Build.0 = Debug|Any CPU
		{8A07298B-3EF1-4363-9939-7DCAE7D0A071}.Release|Any CPU.ActiveCfg = Release|Any CPU
		{8A07298B-3EF1-4363-9939-7DCAE7D0A071}.Release|Any CPU.Build.0 = Release|Any CPU
		{9A697D6D-CAE2-4530-AD86-4B9D0240E9AA}.Debug|Any CPU.ActiveCfg = Debug|Any CPU
		{9A697D6D-CAE2-4530-AD86-4B9D0240E9AA}.Debug|Any CPU.Build.0 = Debug|Any CPU
		{9A697D6D-CAE2-4530-AD86-4B9D0240E9AA}.Release|Any CPU.ActiveCfg = Release|Any CPU
		{9A697D6D-CAE2-4530-AD86-4B9D0240E9AA}.Release|Any CPU.Build.0 = Release|Any CPU
	EndGlobalSection
	GlobalSection(SolutionProperties) = preSolution
		HideSolutionNode = FALSE
	EndGlobalSection
	GlobalSection(ExtensibilityGlobals) = postSolution
		SolutionGuid = {BFFBBF4E-0AE8-4844-AC82-5250403782A5}
	EndGlobalSection
EndGlobal
